
Microsoft Visual Studio Solution File, Format Version 12.00
# Visual Studio Version 17
VisualStudioVersion = 17.9.34728.123
MinimumVisualStudioVersion = 10.0.40219.1
Project("{9A19103F-16F7-4668-BE54-9A1E7A4F7556}") = "csharp.tests", "csharp.tests\csharp.tests.csproj", "{B16F0142-8294-40DE-A816-C4AD114F07A3}"
EndProject
Project("{9A19103F-16F7-4668-BE54-9A1E7A4F7556}") = "csharp.console", "csharp.console\csharp.console.csproj", "{50256988-15E7-44C8-8B97-0B57292EF967}"
EndProject
Project("{9A19103F-16F7-4668-BE54-9A1E7A4F7556}") = "csharp.problemlibrary", "csharp.problemlibrary\csharp.problemlibrary.csproj", "{D8181A88-9687-44FE-8601-89F93DC31219}"
EndProject
Project("{2150E333-8FDC-42A3-9474-1A3956D46DE8}") = "Solution Items", "Solution Items", "{4680A63B-6217-481C-AFA2-2DD477BF7706}"
	ProjectSection(SolutionItems) = preProject
		.gitignore = .gitignore
	EndProjectSection
EndProject
Global
	GlobalSection(SolutionConfigurationPlatforms) = preSolution
		Debug|Any CPU = Debug|Any CPU
		Debug|ARM = Debug|ARM
		Debug|ARM64 = Debug|ARM64
		Debug|x64 = Debug|x64
		Debug|x86 = Debug|x86
		Release|Any CPU = Release|Any CPU
		Release|ARM = Release|ARM
		Release|ARM64 = Release|ARM64
		Release|x64 = Release|x64
		Release|x86 = Release|x86
	EndGlobalSection
	GlobalSection(ProjectConfigurationPlatforms) = postSolution
		{B16F0142-8294-40DE-A816-C4AD114F07A3}.Debug|Any CPU.ActiveCfg = Debug|Any CPU
		{B16F0142-8294-40DE-A816-C4AD114F07A3}.Debug|Any CPU.Build.0 = Debug|Any CPU
		{B16F0142-8294-40DE-A816-C4AD114F07A3}.Debug|ARM.ActiveCfg = Debug|Any CPU
		{B16F0142-8294-40DE-A816-C4AD114F07A3}.Debug|ARM.Build.0 = Debug|Any CPU
		{B16F0142-8294-40DE-A816-C4AD114F07A3}.Debug|ARM64.ActiveCfg = Debug|Any CPU
		{B16F0142-8294-40DE-A816-C4AD114F07A3}.Debug|ARM64.Build.0 = Debug|Any CPU
		{B16F0142-8294-40DE-A816-C4AD114F07A3}.Debug|x64.ActiveCfg = Debug|Any CPU
		{B16F0142-8294-40DE-A816-C4AD114F07A3}.Debug|x64.Build.0 = Debug|Any CPU
		{B16F0142-8294-40DE-A816-C4AD114F07A3}.Debug|x86.ActiveCfg = Debug|Any CPU
		{B16F0142-8294-40DE-A816-C4AD114F07A3}.Debug|x86.Build.0 = Debug|Any CPU
		{B16F0142-8294-40DE-A816-C4AD114F07A3}.Release|Any CPU.ActiveCfg = Release|Any CPU
		{B16F0142-8294-40DE-A816-C4AD114F07A3}.Release|Any CPU.Build.0 = Release|Any CPU
		{B16F0142-8294-40DE-A816-C4AD114F07A3}.Release|ARM.ActiveCfg = Release|Any CPU
		{B16F0142-8294-40DE-A816-C4AD114F07A3}.Release|ARM.Build.0 = Release|Any CPU
		{B16F0142-8294-40DE-A816-C4AD114F07A3}.Release|ARM64.ActiveCfg = Release|Any CPU
		{B16F0142-8294-40DE-A816-C4AD114F07A3}.Release|ARM64.Build.0 = Release|Any CPU
		{B16F0142-8294-40DE-A816-C4AD114F07A3}.Release|x64.ActiveCfg = Release|Any CPU
		{B16F0142-8294-40DE-A816-C4AD114F07A3}.Release|x64.Build.0 = Release|Any CPU
		{B16F0142-8294-40DE-A816-C4AD114F07A3}.Release|x86.ActiveCfg = Release|Any CPU
		{B16F0142-8294-40DE-A816-C4AD114F07A3}.Release|x86.Build.0 = Release|Any CPU
		{50256988-15E7-44C8-8B97-0B57292EF967}.Debug|Any CPU.ActiveCfg = Debug|Any CPU
		{50256988-15E7-44C8-8B97-0B57292EF967}.Debug|Any CPU.Build.0 = Debug|Any CPU
		{50256988-15E7-44C8-8B97-0B57292EF967}.Debug|ARM.ActiveCfg = Debug|Any CPU
		{50256988-15E7-44C8-8B97-0B57292EF967}.Debug|ARM.Build.0 = Debug|Any CPU
		{50256988-15E7-44C8-8B97-0B57292EF967}.Debug|ARM64.ActiveCfg = Debug|Any CPU
		{50256988-15E7-44C8-8B97-0B57292EF967}.Debug|ARM64.Build.0 = Debug|Any CPU
		{50256988-15E7-44C8-8B97-0B57292EF967}.Debug|x64.ActiveCfg = Debug|Any CPU
		{50256988-15E7-44C8-8B97-0B57292EF967}.Debug|x64.Build.0 = Debug|Any CPU
		{50256988-15E7-44C8-8B97-0B57292EF967}.Debug|x86.ActiveCfg = Debug|Any CPU
		{50256988-15E7-44C8-8B97-0B57292EF967}.Debug|x86.Build.0 = Debug|Any CPU
		{50256988-15E7-44C8-8B97-0B57292EF967}.Release|Any CPU.ActiveCfg = Release|Any CPU
		{50256988-15E7-44C8-8B97-0B57292EF967}.Release|Any CPU.Build.0 = Release|Any CPU
		{50256988-15E7-44C8-8B97-0B57292EF967}.Release|ARM.ActiveCfg = Release|Any CPU
		{50256988-15E7-44C8-8B97-0B57292EF967}.Release|ARM.Build.0 = Release|Any CPU
		{50256988-15E7-44C8-8B97-0B57292EF967}.Release|ARM64.ActiveCfg = Release|Any CPU
		{50256988-15E7-44C8-8B97-0B57292EF967}.Release|ARM64.Build.0 = Release|Any CPU
		{50256988-15E7-44C8-8B97-0B57292EF967}.Release|x64.ActiveCfg = Release|Any CPU
		{50256988-15E7-44C8-8B97-0B57292EF967}.Release|x64.Build.0 = Release|Any CPU
		{50256988-15E7-44C8-8B97-0B57292EF967}.Release|x86.ActiveCfg = Release|Any CPU
		{50256988-15E7-44C8-8B97-0B57292EF967}.Release|x86.Build.0 = Release|Any CPU
		{D8181A88-9687-44FE-8601-89F93DC31219}.Debug|Any CPU.ActiveCfg = Debug|Any CPU
		{D8181A88-9687-44FE-8601-89F93DC31219}.Debug|Any CPU.Build.0 = Debug|Any CPU
		{D8181A88-9687-44FE-8601-89F93DC31219}.Debug|ARM.ActiveCfg = Debug|Any CPU
		{D8181A88-9687-44FE-8601-89F93DC31219}.Debug|ARM.Build.0 = Debug|Any CPU
		{D8181A88-9687-44FE-8601-89F93DC31219}.Debug|ARM64.ActiveCfg = Debug|Any CPU
		{D8181A88-9687-44FE-8601-89F93DC31219}.Debug|ARM64.Build.0 = Debug|Any CPU
		{D8181A88-9687-44FE-8601-89F93DC31219}.Debug|x64.ActiveCfg = Debug|Any CPU
		{D8181A88-9687-44FE-8601-89F93DC31219}.Debug|x64.Build.0 = Debug|Any CPU
		{D8181A88-9687-44FE-8601-89F93DC31219}.Debug|x86.ActiveCfg = Debug|Any CPU
		{D8181A88-9687-44FE-8601-89F93DC31219}.Debug|x86.Build.0 = Debug|Any CPU
		{D8181A88-9687-44FE-8601-89F93DC31219}.Release|Any CPU.ActiveCfg = Release|Any CPU
		{D8181A88-9687-44FE-8601-89F93DC31219}.Release|Any CPU.Build.0 = Release|Any CPU
		{D8181A88-9687-44FE-8601-89F93DC31219}.Release|ARM.ActiveCfg = Release|Any CPU
		{D8181A88-9687-44FE-8601-89F93DC31219}.Release|ARM.Build.0 = Release|Any CPU
		{D8181A88-9687-44FE-8601-89F93DC31219}.Release|ARM64.ActiveCfg = Release|Any CPU
		{D8181A88-9687-44FE-8601-89F93DC31219}.Release|ARM64.Build.0 = Release|Any CPU
		{D8181A88-9687-44FE-8601-89F93DC31219}.Release|x64.ActiveCfg = Release|Any CPU
		{D8181A88-9687-44FE-8601-89F93DC31219}.Release|x64.Build.0 = Release|Any CPU
		{D8181A88-9687-44FE-8601-89F93DC31219}.Release|x86.ActiveCfg = Release|Any CPU
		{D8181A88-9687-44FE-8601-89F93DC31219}.Release|x86.Build.0 = Release|Any CPU
	EndGlobalSection
	GlobalSection(SolutionProperties) = preSolution
		HideSolutionNode = FALSE
	EndGlobalSection
	GlobalSection(ExtensibilityGlobals) = postSolution
		SolutionGuid = {BCE15641-AC5C-43C5-8231-0FCEDB824932}
	EndGlobalSection
EndGlobal
